// !$*UTF8*$!
{
	archiveVersion = 1;
	classes = {
	};
	objectVersion = 56;
	objects = {

/* Begin PBXBuildFile section */
		077F1AC22A138C1D008EDBD3 /* AppDelegate.swift in Sources */ = {isa = PBXBuildFile; fileRef = 077F1AC12A138C1D008EDBD3 /* AppDelegate.swift */; };
		077F1AC42A138C1D008EDBD3 /* SceneDelegate.swift in Sources */ = {isa = PBXBuildFile; fileRef = 077F1AC32A138C1D008EDBD3 /* SceneDelegate.swift */; };
		077F1AC62A138C1D008EDBD3 /* ViewController.swift in Sources */ = {isa = PBXBuildFile; fileRef = 077F1AC52A138C1D008EDBD3 /* ViewController.swift */; };
		077F1AC92A138C1D008EDBD3 /* Main.storyboard in Resources */ = {isa = PBXBuildFile; fileRef = 077F1AC72A138C1D008EDBD3 /* Main.storyboard */; };
		077F1ACB2A138C1E008EDBD3 /* Assets.xcassets in Resources */ = {isa = PBXBuildFile; fileRef = 077F1ACA2A138C1E008EDBD3 /* Assets.xcassets */; };
		077F1ACE2A138C1E008EDBD3 /* LaunchScreen.storyboard in Resources */ = {isa = PBXBuildFile; fileRef = 077F1ACC2A138C1E008EDBD3 /* LaunchScreen.storyboard */; };
		077F1AD62A138C3D008EDBD3 /* RButton.swift in Sources */ = {isa = PBXBuildFile; fileRef = 077F1AD52A138C3D008EDBD3 /* RButton.swift */; };
/* End PBXBuildFile section */

/* Begin PBXFileReference section */
		077F1ABE2A138C1D008EDBD3 /* RButton.app */ = {isa = PBXFileReference; explicitFileType = wrapper.application; includeInIndex = 0; path = RButton.app; sourceTree = BUILT_PRODUCTS_DIR; };
		077F1AC12A138C1D008EDBD3 /* AppDelegate.swift */ = {isa = PBXFileReference; lastKnownFileType = sourcecode.swift; path = AppDelegate.swift; sourceTree = "<group>"; };
		077F1AC32A138C1D008EDBD3 /* SceneDelegate.swift */ = {isa = PBXFileReference; lastKnownFileType = sourcecode.swift; path = SceneDelegate.swift; sourceTree = "<group>"; };
		077F1AC52A138C1D008EDBD3 /* ViewController.swift */ = {isa = PBXFileReference; lastKnownFileType = sourcecode.swift; path = ViewController.swift; sourceTree = "<group>"; };
		077F1AC82A138C1D008EDBD3 /* Base */ = {isa = PBXFileReference; lastKnownFileType = file.storyboard; name = Base; path = Base.lproj/Main.storyboard; sourceTree = "<group>"; };
		077F1ACA2A138C1E008EDBD3 /* Assets.xcassets */ = {isa = PBXFileReference; lastKnownFileType = folder.assetcatalog; path = Assets.xcassets; sourceTree = "<group>"; };
		077F1ACD2A138C1E008EDBD3 /* Base */ = {isa = PBXFileReference; lastKnownFileType = file.storyboard; name = Base; path = Base.lproj/LaunchScreen.storyboard; sourceTree = "<group>"; };
		077F1ACF2A138C1E008EDBD3 /* Info.plist */ = {isa = PBXFileReference; lastKnownFileType = text.plist.xml; path = Info.plist; sourceTree = "<group>"; };
		077F1AD52A138C3D008EDBD3 /* RButton.swift */ = {isa = PBXFileReference; lastKnownFileType = sourcecode.swift; path = RButton.swift; sourceTree = "<group>"; };
/* End PBXFileReference section */

/* Begin PBXFrameworksBuildPhase section */
		077F1ABB2A138C1C008EDBD3 /* Frameworks */ = {
			isa = PBXFrameworksBuildPhase;
			buildActionMask = 2147483647;
			files = (
			);
			runOnlyForDeploymentPostprocessing = 0;
		};
/* End PBXFrameworksBuildPhase section */

/* Begin PBXGroup section */
		077F1AB52A138C1C008EDBD3 = {
			isa = PBXGroup;
			children = (
				077F1AC02A138C1D008EDBD3 /* RButton */,
				077F1ABF2A138C1D008EDBD3 /* Products */,
			);
			sourceTree = "<group>";
		};
		077F1ABF2A138C1D008EDBD3 /* Products */ = {
			isa = PBXGroup;
			children = (
				077F1ABE2A138C1D008EDBD3 /* RButton.app */,
			);
			name = Products;
			sourceTree = "<group>";
		};
		077F1AC02A138C1D008EDBD3 /* RButton */ = {
			isa = PBXGroup;
			children = (
				077F1AC12A138C1D008EDBD3 /* AppDelegate.swift */,
				077F1AC32A138C1D008EDBD3 /* SceneDelegate.swift */,
				077F1AC52A138C1D008EDBD3 /* ViewController.swift */,
				077F1AD52A138C3D008EDBD3 /* RButton.swift */,
				077F1AC72A138C1D008EDBD3 /* Main.storyboard */,
				077F1ACA2A138C1E008EDBD3 /* Assets.xcassets */,
				077F1ACC2A138C1E008EDBD3 /* LaunchScreen.storyboard */,
				077F1ACF2A138C1E008EDBD3 /* Info.plist */,
			);
			path = RButton;
			sourceTree = "<group>";
		};
/* End PBXGroup section */

/* Begin PBXNativeTarget section */
		077F1ABD2A138C1C008EDBD3 /* RButton */ = {
			isa = PBXNativeTarget;
			buildConfigurationList = 077F1AD22A138C1E008EDBD3 /* Build configuration list for PBXNativeTarget "RButton" */;
			buildPhases = (
				077F1ABA2A138C1C008EDBD3 /* Sources */,
				077F1ABB2A138C1C008EDBD3 /* Frameworks */,
				077F1ABC2A138C1C008EDBD3 /* Resources */,
			);
			buildRules = (
			);
			dependencies = (
			);
			name = RButton;
			productName = RButton;
			productReference = 077F1ABE2A138C1D008EDBD3 /* RButton.app */;
			productType = "com.apple.product-type.application";
		};
/* End PBXNativeTarget section */

/* Begin PBXProject section */
		077F1AB62A138C1C008EDBD3 /* Project object */ = {
			isa = PBXProject;
			attributes = {
				BuildIndependentTargetsInParallel = 1;
				LastSwiftUpdateCheck = 1430;
				LastUpgradeCheck = 1430;
				TargetAttributes = {
					077F1ABD2A138C1C008EDBD3 = {
						CreatedOnToolsVersion = 14.3;
					};
				};
			};
			buildConfigurationList = 077F1AB92A138C1C008EDBD3 /* Build configuration list for PBXProject "RButton" */;
			compatibilityVersion = "Xcode 14.0";
			developmentRegion = en;
			hasScannedForEncodings = 0;
			knownRegions = (
				en,
				Base,
			);
			mainGroup = 077F1AB52A138C1C008EDBD3;
			productRefGroup = 077F1ABF2A138C1D008EDBD3 /* Products */;
			projectDirPath = "";
			projectRoot = "";
			targets = (
				077F1ABD2A138C1C008EDBD3 /* RButton */,
			);
		};
/* End PBXProject section */

/* Begin PBXResourcesBuildPhase section */
		077F1ABC2A138C1C008EDBD3 /* Resources */ = {
			isa = PBXResourcesBuildPhase;
			buildActionMask = 2147483647;
			files = (
				077F1ACE2A138C1E008EDBD3 /* LaunchScreen.storyboard in Resources */,
				077F1ACB2A138C1E008EDBD3 /* Assets.xcassets in Resources */,
				077F1AC92A138C1D008EDBD3 /* Main.storyboard in Resources */,
			);
			runOnlyForDeploymentPostprocessing = 0;
		};
/* End PBXResourcesBuildPhase section */

/* Begin PBXSourcesBuildPhase section */
		077F1ABA2A138C1C008EDBD3 /* Sources */ = {
			isa = PBXSourcesBuildPhase;
			buildActionMask = 2147483647;
			files = (
				077F1AC62A138C1D008EDBD3 /* ViewController.swift in Sources */,
				077F1AC22A138C1D008EDBD3 /* AppDelegate.swift in Sources */,
				077F1AD62A138C3D008EDBD3 /* RButton.swift in Sources */,
				077F1AC42A138C1D008EDBD3 /* SceneDelegate.swift in Sources */,
			);
			runOnlyForDeploymentPostprocessing = 0;
		};
/* End PBXSourcesBuildPhase section */

/* Begin PBXVariantGroup section */
		077F1AC72A138C1D008EDBD3 /* Main.storyboard */ = {
			isa = PBXVariantGroup;
			children = (
				077F1AC82A138C1D008EDBD3 /* Base */,
			);
			name = Main.storyboard;
			sourceTree = "<group>";
		};
		077F1ACC2A138C1E008EDBD3 /* LaunchScreen.storyboard */ = {
			isa = PBXVariantGroup;
			children = (
				077F1ACD2A138C1E008EDBD3 /* Base */,
			);
			name = LaunchScreen.storyboard;
			sourceTree = "<group>";
		};
/* End PBXVariantGroup section */

/* Begin XCBuildConfiguration section */
		077F1AD02A138C1E008EDBD3 /* Debug */ = {
			isa = XCBuildConfiguration;
			buildSettings = {
				ALWAYS_SEARCH_USER_PATHS = NO;
				CLANG_ANALYZER_NONNULL = YES;
				CLANG_ANALYZER_NUMBER_OBJECT_CONVERSION = YES_AGGRESSIVE;
				CLANG_CXX_LANGUAGE_STANDARD = "gnu++20";
				CLANG_ENABLE_MODULES = YES;
				CLANG_ENABLE_OBJC_ARC = YES;
				CLANG_ENABLE_OBJC_WEAK = YES;
				CLANG_WARN_BLOCK_CAPTURE_AUTORELEASING = YES;
				CLANG_WARN_BOOL_CONVERSION = YES;
				CLANG_WARN_COMMA = YES;
				CLANG_WARN_CONSTANT_CONVERSION = YES;
				CLANG_WARN_DEPRECATED_OBJC_IMPLEMENTATIONS = YES;
				CLANG_WARN_DIRECT_OBJC_ISA_USAGE = YES_ERROR;
				CLANG_WARN_DOCUMENTATION_COMMENTS = YES;
				CLANG_WARN_EMPTY_BODY = YES;
				CLANG_WARN_ENUM_CONVERSION = YES;
				CLANG_WARN_INFINITE_RECURSION = YES;
				CLANG_WARN_INT_CONVERSION = YES;
				CLANG_WARN_NON_LITERAL_NULL_CONVERSION = YES;
				CLANG_WARN_OBJC_IMPLICIT_RETAIN_SELF = YES;
				CLANG_WARN_OBJC_LITERAL_CONVERSION = YES;
				CLANG_WARN_OBJC_ROOT_CLASS = YES_ERROR;
				CLANG_WARN_QUOTED_INCLUDE_IN_FRAMEWORK_HEADER = YES;
				CLANG_WARN_RANGE_LOOP_ANALYSIS = YES;
				CLANG_WARN_STRICT_PROTOTYPES = YES;
				CLANG_WARN_SUSPICIOUS_MOVE = YES;
				CLANG_WARN_UNGUARDED_AVAILABILITY = YES_AGGRESSIVE;
				CLANG_WARN_UNREACHABLE_CODE = YES;
				CLANG_WARN__DUPLICATE_METHOD_MATCH = YES;
				COPY_PHASE_STRIP = NO;
				DEBUG_INFORMATION_FORMAT = dwarf;
				ENABLE_STRICT_OBJC_MSGSEND = YES;
				ENABLE_TESTABILITY = YES;
				GCC_C_LANGUAGE_STANDARD = gnu11;
				GCC_DYNAMIC_NO_PIC = NO;
				GCC_NO_COMMON_BLOCKS = YES;
				GCC_OPTIMIZATION_LEVEL = 0;
				GCC_PREPROCESSOR_DEFINITIONS = (
					"DEBUG=1",
					"$(inherited)",
				);
				GCC_WARN_64_TO_32_BIT_CONVERSION = YES;
				GCC_WARN_ABOUT_RETURN_TYPE = YES_ERROR;
				GCC_WARN_UNDECLARED_SELECTOR = YES;
				GCC_WARN_UNINITIALIZED_AUTOS = YES_AGGRESSIVE;
				GCC_WARN_UNUSED_FUNCTION = YES;
				GCC_WARN_UNUSED_VARIABLE = YES;
				IPHONEOS_DEPLOYMENT_TARGET = 16.4;
				MTL_ENABLE_DEBUG_INFO = INCLUDE_SOURCE;
				MTL_FAST_MATH = YES;
				ONLY_ACTIVE_ARCH = YES;
				SDKROOT = iphoneos;
				SWIFT_ACTIVE_COMPILATION_CONDITIONS = DEBUG;
				SWIFT_OPTIMIZATION_LEVEL = "-Onone";
			};
			name = Debug;
		};
		077F1AD12A138C1E008EDBD3 /* Release */ = {
			isa = XCBuildConfiguration;
			buildSettings = {
				ALWAYS_SEARCH_USER_PATHS = NO;
				CLANG_ANALYZER_NONNULL = YES;
				CLANG_ANALYZER_NUMBER_OBJECT_CONVERSION = YES_AGGRESSIVE;
				CLANG_CXX_LANGUAGE_STANDARD = "gnu++20";
				CLANG_ENABLE_MODULES = YES;
				CLANG_ENABLE_OBJC_ARC = YES;
				CLANG_ENABLE_OBJC_WEAK = YES;
				CLANG_WARN_BLOCK_CAPTURE_AUTORELEASING = YES;
				CLANG_WARN_BOOL_CONVERSION = YES;
				CLANG_WARN_COMMA = YES;
				CLANG_WARN_CONSTANT_CONVERSION = YES;
				CLANG_WARN_DEPRECATED_OBJC_IMPLEMENTATIONS = YES;
				CLANG_WARN_DIRECT_OBJC_ISA_USAGE = YES_ERROR;
				CLANG_WARN_DOCUMENTATION_COMMENTS = YES;
				CLANG_WARN_EMPTY_BODY = YES;
				CLANG_WARN_ENUM_CONVERSION = YES;
				CLANG_WARN_INFINITE_RECURSION = YES;
				CLANG_WARN_INT_CONVERSION = YES;
				CLANG_WARN_NON_LITERAL_NULL_CONVERSION = YES;
				CLANG_WARN_OBJC_IMPLICIT_RETAIN_SELF = YES;
				CLANG_WARN_OBJC_LITERAL_CONVERSION = YES;
				CLANG_WARN_OBJC_ROOT_CLASS = YES_ERROR;
				CLANG_WARN_QUOTED_INCLUDE_IN_FRAMEWORK_HEADER = YES;
				CLANG_WARN_RANGE_LOOP_ANALYSIS = YES;
				CLANG_WARN_STRICT_PROTOTYPES = YES;
				CLANG_WARN_SUSPICIOUS_MOVE = YES;
				CLANG_WARN_UNGUARDED_AVAILABILITY = YES_AGGRESSIVE;
				CLANG_WARN_UNREACHABLE_CODE = YES;
				CLANG_WARN__DUPLICATE_METHOD_MATCH = YES;
				COPY_PHASE_STRIP = NO;
				DEBUG_INFORMATION_FORMAT = "dwarf-with-dsym";
				ENABLE_NS_ASSERTIONS = NO;
				ENABLE_STRICT_OBJC_MSGSEND = YES;
				GCC_C_LANGUAGE_STANDARD = gnu11;
				GCC_NO_COMMON_BLOCKS = YES;
				GCC_WARN_64_TO_32_BIT_CONVERSION = YES;
				GCC_WARN_ABOUT_RETURN_TYPE = YES_ERROR;
				GCC_WARN_UNDECLARED_SELECTOR = YES;
				GCC_WARN_UNINITIALIZED_AUTOS = YES_AGGRESSIVE;
				GCC_WARN_UNUSED_FUNCTION = YES;
				GCC_WARN_UNUSED_VARIABLE = YES;
				IPHONEOS_DEPLOYMENT_TARGET = 16.4;
				MTL_ENABLE_DEBUG_INFO = NO;
				MTL_FAST_MATH = YES;
				SDKROOT = iphoneos;
				SWIFT_COMPILATION_MODE = wholemodule;
				SWIFT_OPTIMIZATION_LEVEL = "-O";
				VALIDATE_PRODUCT = YES;
			};
			name = Release;
		};
		077F1AD32A138C1E008EDBD3 /* Debug */ = {
			isa = XCBuildConfiguration;
			buildSettings = {
				ASSETCATALOG_COMPILER_APPICON_NAME = AppIcon;
				ASSETCATALOG_COMPILER_GLOBAL_ACCENT_COLOR_NAME = AccentColor;
				CODE_SIGN_STYLE = Automatic;
				CURRENT_PROJECT_VERSION = 1;
				GENERATE_INFOPLIST_FILE = YES;
				INFOPLIST_FILE = RButton/Info.plist;
				INFOPLIST_KEY_UIApplicationSupportsIndirectInputEvents = YES;
				INFOPLIST_KEY_UILaunchStoryboardName = LaunchScreen;
				INFOPLIST_KEY_UIMainStoryboardFile = Main;
				INFOPLIST_KEY_UISupportedInterfaceOrientations = UIInterfaceOrientationPortrait;
				IPHONEOS_DEPLOYMENT_TARGET = 13.0;
				LD_RUNPATH_SEARCH_PATHS = (
					"$(inherited)",
					"@executable_path/Frameworks",
				);
				MARKETING_VERSION = 1.0;
				PRODUCT_BUNDLE_IDENTIFIER = com.rbutton.demo.RButton;
				PRODUCT_NAME = "$(TARGET_NAME)";
				SWIFT_EMIT_LOC_STRINGS = YES;
				SWIFT_VERSION = 5.0;
				TARGETED_DEVICE_FAMILY = "1,2";
			};
			name = Debug;
		};
		077F1AD42A138C1E008EDBD3 /* Release */ = {
			isa = XCBuildConfiguration;
			buildSettings = {
				ASSETCATALOG_COMPILER_APPICON_NAME = AppIcon;
				ASSETCATALOG_COMPILER_GLOBAL_ACCENT_COLOR_NAME = AccentColor;
				CODE_SIGN_STYLE = Automatic;
				CURRENT_PROJECT_VERSION = 1;
				GENERATE_INFOPLIST_FILE = YES;
				INFOPLIST_FILE = RButton/Info.plist;
				INFOPLIST_KEY_UIApplicationSupportsIndirectInputEvents = YES;
				INFOPLIST_KEY_UILaunchStoryboardName = LaunchScreen;
				INFOPLIST_KEY_UIMainStoryboardFile = Main;
				INFOPLIST_KEY_UISupportedInterfaceOrientations = UIInterfaceOrientationPortrait;
				IPHONEOS_DEPLOYMENT_TARGET = 13.0;
				LD_RUNPATH_SEARCH_PATHS = (
					"$(inherited)",
					"@executable_path/Frameworks",
				);
				MARKETING_VERSION = 1.0;
				PRODUCT_BUNDLE_IDENTIFIER = com.rbutton.demo.RButton;
				PRODUCT_NAME = "$(TARGET_NAME)";
				SWIFT_EMIT_LOC_STRINGS = YES;
				SWIFT_VERSION = 5.0;
				TARGETED_DEVICE_FAMILY = "1,2";
			};
			name = Release;
		};
/* End XCBuildConfiguration section */

/* Begin XCConfigurationList section */
		077F1AB92A138C1C008EDBD3 /* Build configuration list for PBXProject "RButton" */ = {
			isa = XCConfigurationList;
			buildConfigurations = (
				077F1AD02A138C1E008EDBD3 /* Debug */,
				077F1AD12A138C1E008EDBD3 /* Release */,
			);
			defaultConfigurationIsVisible = 0;
			defaultConfigurationName = Release;
		};
		077F1AD22A138C1E008EDBD3 /* Build configuration list for PBXNativeTarget "RButton" */ = {
			isa = XCConfigurationList;
			buildConfigurations = (
				077F1AD32A138C1E008EDBD3 /* Debug */,
				077F1AD42A138C1E008EDBD3 /* Release */,
			);
			defaultConfigurationIsVisible = 0;
			defaultConfigurationName = Release;
		};
/* End XCConfigurationList section */
	};
	rootObject = 077F1AB62A138C1C008EDBD3 /* Project object */;
}
